dependencies:
- name: ai-gateway
  repository: oci://registry-1.docker.io/helicone
  version: 0.2.0
- name: cloudnative-pg
  repository: https://cloudnative-pg.github.io/charts
  version: 0.25.0
digest: sha256:3523857556c09102de97e9181fa87e0331c6744ab24fe66478dacf8fbcc31792
generated: "2025-07-30T14:27:31.866072-07:00"
