dependencies:
- name: ai-gateway
  repository: oci://registry-1.docker.io/helicone
  version: 0.1.0
- name: postgresql
  repository: https://charts.bitnami.com/bitnami
  version: 15.5.20
digest: sha256:310f6c3088afee5afd44d255c302146514ed365bcfd0eba37310514998e28d25
generated: "2025-06-24T15:41:37.9224-07:00"
